
Microsoft Visual Studio Solution File, Format Version 12.00
# Visual Studio Version 17
VisualStudioVersion = 17.14.37027.9 d17.14
MinimumVisualStudioVersion = 10.0.40219.1
Project("{FAE04EC0-301F-11D3-BF4B-00C04F79EFBC}") = "Nexus", "Nexus.csproj", "{1DD42A55-E4D6-47DF-8AC7-65D81B0B90C4}"
EndProject
Global
	GlobalSection(SolutionConfigurationPlatforms) = preSolution
		Debug|Any CPU = Debug|Any CPU
		Release|Any CPU = Release|Any CPU
	EndGlobalSection
	GlobalSection(ProjectConfigurationPlatforms) = postSolution
		{1DD42A55-E4D6-47DF-8AC7-65D81B0B90C4}.Debug|Any CPU.ActiveCfg = Debug|Any CPU
		{1DD42A55-E4D6-47DF-8AC7-65D81B0B90C4}.Debug|Any CPU.Build.0 = Debug|Any CPU
		{1DD42A55-E4D6-47DF-8AC7-65D81B0B90C4}.Release|Any CPU.ActiveCfg = Release|Any CPU
		{1DD42A55-E4D6-47DF-8AC7-65D81B0B90C4}.Release|Any CPU.Build.0 = Release|Any CPU
	EndGlobalSection
	GlobalSection(SolutionProperties) = preSolution
		HideSolutionNode = FALSE
	EndGlobalSection
	GlobalSection(ExtensibilityGlobals) = postSolution
		SolutionGuid = {7FA8FBAC-8574-46D5-B903-CAC7F271AA81}
	EndGlobalSection
EndGlobal
